
Microsoft Visual Studio Solution File, Format Version 12.00
# Visual Studio 15
VisualStudioVersion = 15.0.27130.2036
MinimumVisualStudioVersion = 10.0.40219.1
Project("{2150E333-8FDC-42A3-9474-1A3956D46DE8}") = "Tests", "Tests", "{4A557CEF-CA5E-4CB7-92CD-3B1F8BD79358}"
EndProject
Project("{9A19103F-16F7-4668-BE54-9A1E7A4F7556}") = "StatHat", "StatHat\StatHat.csproj", "{E8842100-DE41-4C75-9B5C-9C5EA0D06E92}"
EndProject
Project("{FAE04EC0-301F-11D3-BF4B-00C04F79EFBC}") = "StatHat.Tests", "StatHat.Tests\StatHat.Tests.csproj", "{D4EACEAF-27D0-4C23-9C6E-5D3F9605F2B9}"
EndProject
Global
	GlobalSection(SolutionConfigurationPlatforms) = preSolution
		Debug|Any CPU = Debug|Any CPU
		Release|Any CPU = Release|Any CPU
	EndGlobalSection
	GlobalSection(ProjectConfigurationPlatforms) = postSolution
		{E8842100-DE41-4C75-9B5C-9C5EA0D06E92}.Debug|Any CPU.ActiveCfg = Debug|Any CPU
		{E8842100-DE41-4C75-9B5C-9C5EA0D06E92}.Debug|Any CPU.Build.0 = Debug|Any CPU
		{E8842100-DE41-4C75-9B5C-9C5EA0D06E92}.Release|Any CPU.ActiveCfg = Release|Any CPU
		{E8842100-DE41-4C75-9B5C-9C5EA0D06E92}.Release|Any CPU.Build.0 = Release|Any CPU
		{D4EACEAF-27D0-4C23-9C6E-5D3F9605F2B9}.Debug|Any CPU.ActiveCfg = Debug|Any CPU
		{D4EACEAF-27D0-4C23-9C6E-5D3F9605F2B9}.Debug|Any CPU.Build.0 = Debug|Any CPU
		{D4EACEAF-27D0-4C23-9C6E-5D3F9605F2B9}.Release|Any CPU.ActiveCfg = Release|Any CPU
		{D4EACEAF-27D0-4C23-9C6E-5D3F9605F2B9}.Release|Any CPU.Build.0 = Release|Any CPU
	EndGlobalSection
	GlobalSection(SolutionProperties) = preSolution
		HideSolutionNode = FALSE
	EndGlobalSection
	GlobalSection(NestedProjects) = preSolution
		{D4EACEAF-27D0-4C23-9C6E-5D3F9605F2B9} = {4A557CEF-CA5E-4CB7-92CD-3B1F8BD79358}
	EndGlobalSection
	GlobalSection(ExtensibilityGlobals) = postSolution
		SolutionGuid = {95ED3F3A-6B60-4829-B8A5-BCC702108637}
	EndGlobalSection
EndGlobal
